Microsoft Visual Studio Solution File, Format Version 11.00
# Visual Studio 2008

Project("{912ABC98-16D9-A760-0E63-9F255E11BC81}") = "MatchMaker", "Assembly-CSharp.csproj", "{1D42CB98-9166-E6AC-B3D9-59FC38D5169E}"
EndProject
Global
	GlobalSection(SolutionConfigurationPlatforms) = preSolution
		Debug|Any CPU = Debug|Any CPU
		Release|Any CPU = Release|Any CPU
	EndGlobalSection
	GlobalSection(ProjectConfigurationPlatforms) = postSolution
		{1D42CB98-9166-E6AC-B3D9-59FC38D5169E}.Debug|Any CPU.ActiveCfg = Debug|Any CPU
		{1D42CB98-9166-E6AC-B3D9-59FC38D5169E}.Debug|Any CPU.Build.0 = Debug|Any CPU
		{1D42CB98-9166-E6AC-B3D9-59FC38D5169E}.Release|Any CPU.ActiveCfg = Release|Any CPU
		{1D42CB98-9166-E6AC-B3D9-59FC38D5169E}.Release|Any CPU.Build.0 = Release|Any CPU
	EndGlobalSection
	GlobalSection(SolutionProperties) = preSolution
		HideSolutionNode = FALSE
	EndGlobalSection
	GlobalSection(MonoDevelopProperties) = preSolution
		StartupItem = Assembly-CSharp.csproj
	EndGlobalSection
EndGlobal
